
Microsoft Visual Studio Solution File, Format Version 12.00
# Visual Studio Version 16
VisualStudioVersion = 25.0.1704.2
MinimumVisualStudioVersion = 10.0.40219.1
Project("{FAE04EC0-301F-11D3-BF4B-00C04F79EFBC}") = "CalendarAPI", "CalendarAPI.csproj", "{D913FF9D-2DE7-40DB-AA1D-07C6D49BD30C}"
EndProject
Global
	GlobalSection(SolutionConfigurationPlatforms) = preSolution
		Debug|Any CPU = Debug|Any CPU
		Release|Any CPU = Release|Any CPU
	EndGlobalSection
	GlobalSection(ProjectConfigurationPlatforms) = postSolution
		{D913FF9D-2DE7-40DB-AA1D-07C6D49BD30C}.Debug|Any CPU.ActiveCfg = Debug|Any CPU
		{D913FF9D-2DE7-40DB-AA1D-07C6D49BD30C}.Debug|Any CPU.Build.0 = Debug|Any CPU
		{D913FF9D-2DE7-40DB-AA1D-07C6D49BD30C}.Release|Any CPU.ActiveCfg = Release|Any CPU
		{D913FF9D-2DE7-40DB-AA1D-07C6D49BD30C}.Release|Any CPU.Build.0 = Release|Any CPU
	EndGlobalSection
	GlobalSection(SolutionProperties) = preSolution
		HideSolutionNode = FALSE
	EndGlobalSection
	GlobalSection(ExtensibilityGlobals) = postSolution
		SolutionGuid = {17812927-134B-423B-A512-127F380FB6E3}
	EndGlobalSection
EndGlobal
